// !$*UTF8*$!
{
	archiveVersion = 1;
	classes = {
	};
	objectVersion = 46;
	objects = {

/* Begin PBXBuildFile section */
		822A035B1CC326210016620B /* AppDelegate.swift in Sources */ = {isa = PBXBuildFile; fileRef = 822A035A1CC326210016620B /* AppDelegate.swift */; };
		822A035D1CC326210016620B /* ViewController.swift in Sources */ = {isa = PBXBuildFile; fileRef = 822A035C1CC326210016620B /* ViewController.swift */; };
		822A03601CC326210016620B /* Main.storyboard in Resources */ = {isa = PBXBuildFile; fileRef = 822A035E1CC326210016620B /* Main.storyboard */; };
		822A03621CC326210016620B /* Assets.xcassets in Resources */ = {isa = PBXBuildFile; fileRef = 822A03611CC326210016620B /* Assets.xcassets */; };
		822A03651CC326210016620B /* LaunchScreen.storyboard in Resources */ = {isa = PBXBuildFile; fileRef = 822A03631CC326210016620B /* LaunchScreen.storyboard */; };
		822A03771CC326370016620B /* Layout.swift in Sources */ = {isa = PBXBuildFile; fileRef = 822A036F1CC326370016620B /* Layout.swift */; };
		822A03781CC326370016620B /* Node.swift in Sources */ = {isa = PBXBuildFile; fileRef = 822A03701CC326370016620B /* Node.swift */; };
		822A037A1CC326370016620B /* NodeProtocol.swift in Sources */ = {isa = PBXBuildFile; fileRef = 822A03731CC326370016620B /* NodeProtocol.swift */; };
		822A037B1CC326370016620B /* View+Layout.swift in Sources */ = {isa = PBXBuildFile; fileRef = 822A03751CC326370016620B /* View+Layout.swift */; };
		822A037E1CC326610016620B /* NodeImpl.m in Sources */ = {isa = PBXBuildFile; fileRef = 822A037D1CC326610016620B /* NodeImpl.m */; };
		822A03811CC326740016620B /* Layout.c in Sources */ = {isa = PBXBuildFile; fileRef = 822A037F1CC326740016620B /* Layout.c */; };
/* End PBXBuildFile section */

/* Begin PBXFileReference section */
		822A03571CC326210016620B /* realswiftbox.app */ = {isa = PBXFileReference; explicitFileType = wrapper.application; includeInIndex = 0; path = realswiftbox.app; sourceTree = BUILT_PRODUCTS_DIR; };
		822A035A1CC326210016620B /* AppDelegate.swift */ = {isa = PBXFileReference; lastKnownFileType = sourcecode.swift; path = AppDelegate.swift; sourceTree = "<group>"; };
		822A035C1CC326210016620B /* ViewController.swift */ = {isa = PBXFileReference; lastKnownFileType = sourcecode.swift; path = ViewController.swift; sourceTree = "<group>"; };
		822A035F1CC326210016620B /* Base */ = {isa = PBXFileReference; lastKnownFileType = file.storyboard; name = Base; path = Base.lproj/Main.storyboard; sourceTree = "<group>"; };
		822A03611CC326210016620B /* Assets.xcassets */ = {isa = PBXFileReference; lastKnownFileType = folder.assetcatalog; path = Assets.xcassets; sourceTree = "<group>"; };
		822A03641CC326210016620B /* Base */ = {isa = PBXFileReference; lastKnownFileType = file.storyboard; name = Base; path = Base.lproj/LaunchScreen.storyboard; sourceTree = "<group>"; };
		822A03661CC326210016620B /* Info.plist */ = {isa = PBXFileReference; lastKnownFileType = text.plist.xml; path = Info.plist; sourceTree = "<group>"; };
		822A036F1CC326370016620B /* Layout.swift */ = {isa = PBXFileReference; fileEncoding = 4; lastKnownFileType = sourcecode.swift; path = Layout.swift; sourceTree = "<group>"; };
		822A03701CC326370016620B /* Node.swift */ = {isa = PBXFileReference; fileEncoding = 4; lastKnownFileType = sourcecode.swift; path = Node.swift; sourceTree = "<group>"; };
		822A03731CC326370016620B /* NodeProtocol.swift */ = {isa = PBXFileReference; fileEncoding = 4; lastKnownFileType = sourcecode.swift; path = NodeProtocol.swift; sourceTree = "<group>"; };
		822A03741CC326370016620B /* SwiftBox.h */ = {isa = PBXFileReference; fileEncoding = 4; lastKnownFileType = sourcecode.c.h; path = SwiftBox.h; sourceTree = "<group>"; };
		822A03751CC326370016620B /* View+Layout.swift */ = {isa = PBXFileReference; fileEncoding = 4; lastKnownFileType = sourcecode.swift; path = "View+Layout.swift"; sourceTree = "<group>"; };
		822A037C1CC326610016620B /* NodeImpl.h */ = {isa = PBXFileReference; fileEncoding = 4; lastKnownFileType = sourcecode.c.h; path = NodeImpl.h; sourceTree = "<group>"; };
		822A037D1CC326610016620B /* NodeImpl.m */ = {isa = PBXFileReference; fileEncoding = 4; lastKnownFileType = sourcecode.c.objc; path = NodeImpl.m; sourceTree = "<group>"; };
		822A037F1CC326740016620B /* Layout.c */ = {isa = PBXFileReference; fileEncoding = 4; lastKnownFileType = sourcecode.c.c; path = Layout.c; sourceTree = "<group>"; };
		822A03801CC326740016620B /* Layout.h */ = {isa = PBXFileReference; fileEncoding = 4; lastKnownFileType = sourcecode.c.h; path = Layout.h; sourceTree = "<group>"; };
		822A03821CC326EF0016620B /* Swiftbox-Bridging-Header.h */ = {isa = PBXFileReference; lastKnownFileType = sourcecode.c.h; path = "Swiftbox-Bridging-Header.h"; sourceTree = "<group>"; };
/* End PBXFileReference section */

/* Begin PBXFrameworksBuildPhase section */
		822A03541CC326210016620B /* Frameworks */ = {
			isa = PBXFrameworksBuildPhase;
			buildActionMask = 2147483647;
			files = (
			);
			runOnlyForDeploymentPostprocessing = 0;
		};
/* End PBXFrameworksBuildPhase section */

/* Begin PBXGroup section */
		822A034E1CC326210016620B = {
			isa = PBXGroup;
			children = (
				822A036C1CC326370016620B /* swiftbox */,
				822A03591CC326210016620B /* realswiftbox */,
				822A03581CC326210016620B /* Products */,
			);
			sourceTree = "<group>";
		};
		822A03581CC326210016620B /* Products */ = {
			isa = PBXGroup;
			children = (
				822A03571CC326210016620B /* realswiftbox.app */,
			);
			name = Products;
			sourceTree = "<group>";
		};
		822A03591CC326210016620B /* realswiftbox */ = {
			isa = PBXGroup;
			children = (
				822A035A1CC326210016620B /* AppDelegate.swift */,
				822A035C1CC326210016620B /* ViewController.swift */,
				822A035E1CC326210016620B /* Main.storyboard */,
				822A03611CC326210016620B /* Assets.xcassets */,
				822A03631CC326210016620B /* LaunchScreen.storyboard */,
				822A03661CC326210016620B /* Info.plist */,
				822A03821CC326EF0016620B /* Swiftbox-Bridging-Header.h */,
			);
			path = realswiftbox;
			sourceTree = "<group>";
		};
		822A036C1CC326370016620B /* swiftbox */ = {
			isa = PBXGroup;
			children = (
				822A037F1CC326740016620B /* Layout.c */,
				822A03801CC326740016620B /* Layout.h */,
				822A037C1CC326610016620B /* NodeImpl.h */,
				822A037D1CC326610016620B /* NodeImpl.m */,
				822A036F1CC326370016620B /* Layout.swift */,
				822A03701CC326370016620B /* Node.swift */,
				822A03731CC326370016620B /* NodeProtocol.swift */,
				822A03741CC326370016620B /* SwiftBox.h */,
				822A03751CC326370016620B /* View+Layout.swift */,
			);
			path = swiftbox;
			sourceTree = "<group>";
		};
/* End PBXGroup section */

/* Begin PBXNativeTarget section */
		822A03561CC326210016620B /* realswiftbox */ = {
			isa = PBXNativeTarget;
			buildConfigurationList = 822A03691CC326210016620B /* Build configuration list for PBXNativeTarget "realswiftbox" */;
			buildPhases = (
				822A03531CC326210016620B /* Sources */,
				822A03541CC326210016620B /* Frameworks */,
				822A03551CC326210016620B /* Resources */,
			);
			buildRules = (
			);
			dependencies = (
			);
			name = realswiftbox;
			productName = realswiftbox;
			productReference = 822A03571CC326210016620B /* realswiftbox.app */;
			productType = "com.apple.product-type.application";
		};
/* End PBXNativeTarget section */

/* Begin PBXProject section */
		822A034F1CC326210016620B /* Project object */ = {
			isa = PBXProject;
			attributes = {
				LastSwiftUpdateCheck = 0730;
				LastUpgradeCheck = 0730;
				ORGANIZATIONNAME = lxtap;
				TargetAttributes = {
					822A03561CC326210016620B = {
						CreatedOnToolsVersion = 7.3;
					};
				};
			};
			buildConfigurationList = 822A03521CC326210016620B /* Build configuration list for PBXProject "realswiftbox" */;
			compatibilityVersion = "Xcode 3.2";
			developmentRegion = English;
			hasScannedForEncodings = 0;
			knownRegions = (
				en,
				Base,
			);
			mainGroup = 822A034E1CC326210016620B;
			productRefGroup = 822A03581CC326210016620B /* Products */;
			projectDirPath = "";
			projectRoot = "";
			targets = (
				822A03561CC326210016620B /* realswiftbox */,
			);
		};
/* End PBXProject section */

/* Begin PBXResourcesBuildPhase section */
		822A03551CC326210016620B /* Resources */ = {
			isa = PBXResourcesBuildPhase;
			buildActionMask = 2147483647;
			files = (
				822A03651CC326210016620B /* LaunchScreen.storyboard in Resources */,
				822A03621CC326210016620B /* Assets.xcassets in Resources */,
				822A03601CC326210016620B /* Main.storyboard in Resources */,
			);
			runOnlyForDeploymentPostprocessing = 0;
		};
/* End PBXResourcesBuildPhase section */

/* Begin PBXSourcesBuildPhase section */
		822A03531CC326210016620B /* Sources */ = {
			isa = PBXSourcesBuildPhase;
			buildActionMask = 2147483647;
			files = (
				822A037B1CC326370016620B /* View+Layout.swift in Sources */,
				822A035D1CC326210016620B /* ViewController.swift in Sources */,
				822A03781CC326370016620B /* Node.swift in Sources */,
				822A03771CC326370016620B /* Layout.swift in Sources */,
				822A037A1CC326370016620B /* NodeProtocol.swift in Sources */,
				822A037E1CC326610016620B /* NodeImpl.m in Sources */,
				822A035B1CC326210016620B /* AppDelegate.swift in Sources */,
				822A03811CC326740016620B /* Layout.c in Sources */,
			);
			runOnlyForDeploymentPostprocessing = 0;
		};
/* End PBXSourcesBuildPhase section */

/* Begin PBXVariantGroup section */
		822A035E1CC326210016620B /* Main.storyboard */ = {
			isa = PBXVariantGroup;
			children = (
				822A035F1CC326210016620B /* Base */,
			);
			name = Main.storyboard;
			sourceTree = "<group>";
		};
		822A03631CC326210016620B /* LaunchScreen.storyboard */ = {
			isa = PBXVariantGroup;
			children = (
				822A03641CC326210016620B /* Base */,
			);
			name = LaunchScreen.storyboard;
			sourceTree = "<group>";
		};
/* End PBXVariantGroup section */

/* Begin XCBuildConfiguration section */
		822A03671CC326210016620B /* Debug */ = {
			isa = XCBuildConfiguration;
			buildSettings = {
				ALWAYS_SEARCH_USER_PATHS = NO;
				CLANG_ANALYZER_NONNULL = YES;
				CLANG_CXX_LANGUAGE_STANDARD = "gnu++0x";
				CLANG_CXX_LIBRARY = "libc++";
				CLANG_ENABLE_MODULES = YES;
				CLANG_ENABLE_OBJC_ARC = YES;
				CLANG_WARN_BOOL_CONVERSION = YES;
				CLANG_WARN_CONSTANT_CONVERSION = YES;
				CLANG_WARN_DIRECT_OBJC_ISA_USAGE = YES_ERROR;
				CLANG_WARN_EMPTY_BODY = YES;
				CLANG_WARN_ENUM_CONVERSION = YES;
				CLANG_WARN_INT_CONVERSION = YES;
				CLANG_WARN_OBJC_ROOT_CLASS = YES_ERROR;
				CLANG_WARN_UNREACHABLE_CODE = YES;
				CLANG_WARN__DUPLICATE_METHOD_MATCH = YES;
				"CODE_SIGN_IDENTITY[sdk=iphoneos*]" = "iPhone Developer";
				COPY_PHASE_STRIP = NO;
				DEBUG_INFORMATION_FORMAT = dwarf;
				ENABLE_STRICT_OBJC_MSGSEND = YES;
				ENABLE_TESTABILITY = YES;
				GCC_C_LANGUAGE_STANDARD = gnu99;
				GCC_DYNAMIC_NO_PIC = NO;
				GCC_NO_COMMON_BLOCKS = YES;
				GCC_OPTIMIZATION_LEVEL = 0;
				GCC_PREPROCESSOR_DEFINITIONS = (
					"DEBUG=1",
					"$(inherited)",
				);
				GCC_WARN_64_TO_32_BIT_CONVERSION = YES;
				GCC_WARN_ABOUT_RETURN_TYPE = YES_ERROR;
				GCC_WARN_UNDECLARED_SELECTOR = YES;
				GCC_WARN_UNINITIALIZED_AUTOS = YES_AGGRESSIVE;
				GCC_WARN_UNUSED_FUNCTION = YES;
				GCC_WARN_UNUSED_VARIABLE = YES;
				IPHONEOS_DEPLOYMENT_TARGET = 9.3;
				MTL_ENABLE_DEBUG_INFO = YES;
				ONLY_ACTIVE_ARCH = YES;
				SDKROOT = iphoneos;
				SWIFT_OPTIMIZATION_LEVEL = "-Onone";
			};
			name = Debug;
		};
		822A03681CC326210016620B /* Release */ = {
			isa = XCBuildConfiguration;
			buildSettings = {
				ALWAYS_SEARCH_USER_PATHS = NO;
				CLANG_ANALYZER_NONNULL = YES;
				CLANG_CXX_LANGUAGE_STANDARD = "gnu++0x";
				CLANG_CXX_LIBRARY = "libc++";
				CLANG_ENABLE_MODULES = YES;
				CLANG_ENABLE_OBJC_ARC = YES;
				CLANG_WARN_BOOL_CONVERSION = YES;
				CLANG_WARN_CONSTANT_CONVERSION = YES;
				CLANG_WARN_DIRECT_OBJC_ISA_USAGE = YES_ERROR;
				CLANG_WARN_EMPTY_BODY = YES;
				CLANG_WARN_ENUM_CONVERSION = YES;
				CLANG_WARN_INT_CONVERSION = YES;
				CLANG_WARN_OBJC_ROOT_CLASS = YES_ERROR;
				CLANG_WARN_UNREACHABLE_CODE = YES;
				CLANG_WARN__DUPLICATE_METHOD_MATCH = YES;
				"CODE_SIGN_IDENTITY[sdk=iphoneos*]" = "iPhone Developer";
				COPY_PHASE_STRIP = NO;
				DEBUG_INFORMATION_FORMAT = "dwarf-with-dsym";
				ENABLE_NS_ASSERTIONS = NO;
				ENABLE_STRICT_OBJC_MSGSEND = YES;
				GCC_C_LANGUAGE_STANDARD = gnu99;
				GCC_NO_COMMON_BLOCKS = YES;
				GCC_WARN_64_TO_32_BIT_CONVERSION = YES;
				GCC_WARN_ABOUT_RETURN_TYPE = YES_ERROR;
				GCC_WARN_UNDECLARED_SELECTOR = YES;
				GCC_WARN_UNINITIALIZED_AUTOS = YES_AGGRESSIVE;
				GCC_WARN_UNUSED_FUNCTION = YES;
				GCC_WARN_UNUSED_VARIABLE = YES;
				IPHONEOS_DEPLOYMENT_TARGET = 9.3;
				MTL_ENABLE_DEBUG_INFO = NO;
				SDKROOT = iphoneos;
				VALIDATE_PRODUCT = YES;
			};
			name = Release;
		};
		822A036A1CC326210016620B /* Debug */ = {
			isa = XCBuildConfiguration;
			buildSettings = {
				ASSETCATALOG_COMPILER_APPICON_NAME = AppIcon;
				INFOPLIST_FILE = realswiftbox/Info.plist;
				LD_RUNPATH_SEARCH_PATHS = "$(inherited) @executable_path/Frameworks";
				PRODUCT_BUNDLE_IDENTIFIER = com.lxtap.realswiftbox;
				PRODUCT_NAME = "$(TARGET_NAME)";
				SWIFT_OBJC_BRIDGING_HEADER = "realswiftbox/Swiftbox-Bridging-Header.h";
			};
			name = Debug;
		};
		822A036B1CC326210016620B /* Release */ = {
			isa = XCBuildConfiguration;
			buildSettings = {
				ASSETCATALOG_COMPILER_APPICON_NAME = AppIcon;
				INFOPLIST_FILE = realswiftbox/Info.plist;
				LD_RUNPATH_SEARCH_PATHS = "$(inherited) @executable_path/Frameworks";
				PRODUCT_BUNDLE_IDENTIFIER = com.lxtap.realswiftbox;
				PRODUCT_NAME = "$(TARGET_NAME)";
				SWIFT_OBJC_BRIDGING_HEADER = "realswiftbox/Swiftbox-Bridging-Header.h";
			};
			name = Release;
		};
/* End XCBuildConfiguration section */

/* Begin XCConfigurationList section */
		822A03521CC326210016620B /* Build configuration list for PBXProject "realswiftbox" */ = {
			isa = XCConfigurationList;
			buildConfigurations = (
				822A03671CC326210016620B /* Debug */,
				822A03681CC326210016620B /* Release */,
			);
			defaultConfigurationIsVisible = 0;
			defaultConfigurationName = Release;
		};
		822A03691CC326210016620B /* Build configuration list for PBXNativeTarget "realswiftbox" */ = {
			isa = XCConfigurationList;
			buildConfigurations = (
				822A036A1CC326210016620B /* Debug */,
				822A036B1CC326210016620B /* Release */,
			);
			defaultConfigurationIsVisible = 0;
		};
/* End XCConfigurationList section */
	};
	rootObject = 822A034F1CC326210016620B /* Project object */;
}
